
Microsoft Visual Studio Solution File, Format Version 12.00
# Visual Studio Version 17
VisualStudioVersion = 17.11.35312.102
MinimumVisualStudioVersion = 10.0.40219.1
Project("{9A19103F-16F7-4668-BE54-9A1E7A4F7556}") = "lab05", "lab05\lab05.csproj", "{D42875CA-8F2E-44A5-A022-B4830CBE08D5}"
EndProject
Project("{9A19103F-16F7-4668-BE54-9A1E7A4F7556}") = "lab5.2", "lab5.2\lab5.2.csproj", "{636C07B9-CE7C-46F5-95B6-5750E9FE3B6C}"
EndProject
Project("{9A19103F-16F7-4668-BE54-9A1E7A4F7556}") = "lab 5.3", "lab 5.3\lab 5.3.csproj", "{B258B162-641D-4772-AA6C-6AD455509576}"
EndProject
Project("{9A19103F-16F7-4668-BE54-9A1E7A4F7556}") = "lab 5.4", "lab 5.4\lab 5.4.csproj", "{235C91AA-40FA-45A9-8858-344A3AEE8B3C}"
EndProject
Project("{FAE04EC0-301F-11D3-BF4B-00C04F79EFBC}") = "lab ex5.1", "lab ex5.1\lab ex5.1.csproj", "{5815AC5F-EB66-4ABE-AE2E-8410DC01ACC3}"
EndProject
Project("{FAE04EC0-301F-11D3-BF4B-00C04F79EFBC}") = "lab ex5.2", "lab ex5.2\lab ex5.2.csproj", "{95AAD705-D9B7-480B-93B1-5463018ACA1C}"
EndProject
Global
	GlobalSection(SolutionConfigurationPlatforms) = preSolution
		Debug|Any CPU = Debug|Any CPU
		Release|Any CPU = Release|Any CPU
	EndGlobalSection
	GlobalSection(ProjectConfigurationPlatforms) = postSolution
		{D42875CA-8F2E-44A5-A022-B4830CBE08D5}.Debug|Any CPU.ActiveCfg = Debug|Any CPU
		{D42875CA-8F2E-44A5-A022-B4830CBE08D5}.Debug|Any CPU.Build.0 = Debug|Any CPU
		{D42875CA-8F2E-44A5-A022-B4830CBE08D5}.Release|Any CPU.ActiveCfg = Release|Any CPU
		{D42875CA-8F2E-44A5-A022-B4830CBE08D5}.Release|Any CPU.Build.0 = Release|Any CPU
		{636C07B9-CE7C-46F5-95B6-5750E9FE3B6C}.Debug|Any CPU.ActiveCfg = Debug|Any CPU
		{636C07B9-CE7C-46F5-95B6-5750E9FE3B6C}.Debug|Any CPU.Build.0 = Debug|Any CPU
		{636C07B9-CE7C-46F5-95B6-5750E9FE3B6C}.Release|Any CPU.ActiveCfg = Release|Any CPU
		{636C07B9-CE7C-46F5-95B6-5750E9FE3B6C}.Release|Any CPU.Build.0 = Release|Any CPU
		{B258B162-641D-4772-AA6C-6AD455509576}.Debug|Any CPU.ActiveCfg = Debug|Any CPU
		{B258B162-641D-4772-AA6C-6AD455509576}.Debug|Any CPU.Build.0 = Debug|Any CPU
		{B258B162-641D-4772-AA6C-6AD455509576}.Release|Any CPU.ActiveCfg = Release|Any CPU
		{B258B162-641D-4772-AA6C-6AD455509576}.Release|Any CPU.Build.0 = Release|Any CPU
		{235C91AA-40FA-45A9-8858-344A3AEE8B3C}.Debug|Any CPU.ActiveCfg = Debug|Any CPU
		{235C91AA-40FA-45A9-8858-344A3AEE8B3C}.Debug|Any CPU.Build.0 = Debug|Any CPU
		{235C91AA-40FA-45A9-8858-344A3AEE8B3C}.Release|Any CPU.ActiveCfg = Release|Any CPU
		{235C91AA-40FA-45A9-8858-344A3AEE8B3C}.Release|Any CPU.Build.0 = Release|Any CPU
		{5815AC5F-EB66-4ABE-AE2E-8410DC01ACC3}.Debug|Any CPU.ActiveCfg = Debug|Any CPU
		{5815AC5F-EB66-4ABE-AE2E-8410DC01ACC3}.Debug|Any CPU.Build.0 = Debug|Any CPU
		{5815AC5F-EB66-4ABE-AE2E-8410DC01ACC3}.Release|Any CPU.ActiveCfg = Release|Any CPU
		{5815AC5F-EB66-4ABE-AE2E-8410DC01ACC3}.Release|Any CPU.Build.0 = Release|Any CPU
		{95AAD705-D9B7-480B-93B1-5463018ACA1C}.Debug|Any CPU.ActiveCfg = Debug|Any CPU
		{95AAD705-D9B7-480B-93B1-5463018ACA1C}.Debug|Any CPU.Build.0 = Debug|Any CPU
		{95AAD705-D9B7-480B-93B1-5463018ACA1C}.Release|Any CPU.ActiveCfg = Release|Any CPU
		{95AAD705-D9B7-480B-93B1-5463018ACA1C}.Release|Any CPU.Build.0 = Release|Any CPU
	EndGlobalSection
	GlobalSection(SolutionProperties) = preSolution
		HideSolutionNode = FALSE
	EndGlobalSection
	GlobalSection(ExtensibilityGlobals) = postSolution
		SolutionGuid = {CC3C8394-3E94-40C0-80EE-EB003FE15BA3}
	EndGlobalSection
EndGlobal
