
Microsoft Visual Studio Solution File, Format Version 12.00
# Visual Studio Version 17
VisualStudioVersion = 17.11.35312.102
MinimumVisualStudioVersion = 10.0.40219.1
Project("{FAE04EC0-301F-11D3-BF4B-00C04F79EFBC}") = "lab08", "lab08\lab08.csproj", "{3CF1BFAF-F486-43A7-AD1C-8BFF1D79D318}"
EndProject
Project("{FAE04EC0-301F-11D3-BF4B-00C04F79EFBC}") = "lab 8.2", "lab 8.2\lab 8.2.csproj", "{F5064FD2-FF9F-45FB-A01B-6559BD5039F9}"
EndProject
Project("{FAE04EC0-301F-11D3-BF4B-00C04F79EFBC}") = "lab 8.3", "lab 8.3\lab 8.3.csproj", "{29D16D1C-5444-48E4-8F58-221C0E233060}"
EndProject
Project("{FAE04EC0-301F-11D3-BF4B-00C04F79EFBC}") = "lab ex8.1", "lab ex8.1\lab ex8.1.csproj", "{CE350E38-2227-4795-8FDC-4A2A537CAC30}"
EndProject
Global
	GlobalSection(SolutionConfigurationPlatforms) = preSolution
		Debug|Any CPU = Debug|Any CPU
		Release|Any CPU = Release|Any CPU
	EndGlobalSection
	GlobalSection(ProjectConfigurationPlatforms) = postSolution
		{3CF1BFAF-F486-43A7-AD1C-8BFF1D79D318}.Debug|Any CPU.ActiveCfg = Debug|Any CPU
		{3CF1BFAF-F486-43A7-AD1C-8BFF1D79D318}.Debug|Any CPU.Build.0 = Debug|Any CPU
		{3CF1BFAF-F486-43A7-AD1C-8BFF1D79D318}.Release|Any CPU.ActiveCfg = Release|Any CPU
		{3CF1BFAF-F486-43A7-AD1C-8BFF1D79D318}.Release|Any CPU.Build.0 = Release|Any CPU
		{F5064FD2-FF9F-45FB-A01B-6559BD5039F9}.Debug|Any CPU.ActiveCfg = Debug|Any CPU
		{F5064FD2-FF9F-45FB-A01B-6559BD5039F9}.Debug|Any CPU.Build.0 = Debug|Any CPU
		{F5064FD2-FF9F-45FB-A01B-6559BD5039F9}.Release|Any CPU.ActiveCfg = Release|Any CPU
		{F5064FD2-FF9F-45FB-A01B-6559BD5039F9}.Release|Any CPU.Build.0 = Release|Any CPU
		{29D16D1C-5444-48E4-8F58-221C0E233060}.Debug|Any CPU.ActiveCfg = Debug|Any CPU
		{29D16D1C-5444-48E4-8F58-221C0E233060}.Debug|Any CPU.Build.0 = Debug|Any CPU
		{29D16D1C-5444-48E4-8F58-221C0E233060}.Release|Any CPU.ActiveCfg = Release|Any CPU
		{29D16D1C-5444-48E4-8F58-221C0E233060}.Release|Any CPU.Build.0 = Release|Any CPU
		{CE350E38-2227-4795-8FDC-4A2A537CAC30}.Debug|Any CPU.ActiveCfg = Debug|Any CPU
		{CE350E38-2227-4795-8FDC-4A2A537CAC30}.Debug|Any CPU.Build.0 = Debug|Any CPU
		{CE350E38-2227-4795-8FDC-4A2A537CAC30}.Release|Any CPU.ActiveCfg = Release|Any CPU
		{CE350E38-2227-4795-8FDC-4A2A537CAC30}.Release|Any CPU.Build.0 = Release|Any CPU
	EndGlobalSection
	GlobalSection(SolutionProperties) = preSolution
		HideSolutionNode = FALSE
	EndGlobalSection
	GlobalSection(ExtensibilityGlobals) = postSolution
		SolutionGuid = {3734CAA0-5EF5-45DD-88DF-55D02592C97C}
	EndGlobalSection
EndGlobal
